
Microsoft Visual Studio Solution File, Format Version 12.00
# Visual Studio Version 17
VisualStudioVersion = 17.5.002.0
MinimumVisualStudioVersion = 10.0.40219.1
Project("{9A19103F-16F7-4668-BE54-9A1E7A4F7556}") = "impressions-webhook", "impressions-webhook.csproj", "{C6E84AFF-05C7-4CF1-A2F7-17FEF07283FB}"
EndProject
Global
	GlobalSection(SolutionConfigurationPlatforms) = preSolution
		Debug|Any CPU = Debug|Any CPU
		Release|Any CPU = Release|Any CPU
	EndGlobalSection
	GlobalSection(ProjectConfigurationPlatforms) = postSolution
		{C6E84AFF-05C7-4CF1-A2F7-17FEF07283FB}.Debug|Any CPU.ActiveCfg = Debug|Any CPU
		{C6E84AFF-05C7-4CF1-A2F7-17FEF07283FB}.Debug|Any CPU.Build.0 = Debug|Any CPU
		{C6E84AFF-05C7-4CF1-A2F7-17FEF07283FB}.Release|Any CPU.ActiveCfg = Release|Any CPU
		{C6E84AFF-05C7-4CF1-A2F7-17FEF07283FB}.Release|Any CPU.Build.0 = Release|Any CPU
	EndGlobalSection
	GlobalSection(SolutionProperties) = preSolution
		HideSolutionNode = FALSE
	EndGlobalSection
	GlobalSection(ExtensibilityGlobals) = postSolution
		SolutionGuid = {9ACB4282-3DDB-4944-A14F-072ADFDB3FE2}
	EndGlobalSection
EndGlobal
